# This file is autogenerated, do not edit; changes may be undone by the next 'dep ensure'.


[[projects]]
  name = "github.com/bxcodec/faker"
  packages = [
    ".",
    "support/slice"
  ]
  revision = "1e3dfd53d826aa0d096d235cf8525149287a2834"
  version = "v1.4.3"

[solve-meta]
  analyzer-name = "dep"
  analyzer-version = 1
  inputs-digest = "27577ede1308e1de99065a7a35e24371eb8b8eca08526936ac3af01803f78917"
  solver-name = "gps-cdcl"
  solver-version = 1
